// !$*UTF8*$!
{
	archiveVersion = 1;
	classes = {
	};
	objectVersion = 48;
	objects = {

/* Begin PBXBuildFile section */
		4F0174B01F7E41C600FF3ADE /* TileSkin.swift in Sources */ = {isa = PBXBuildFile; fileRef = 4F0174AF1F7E41C600FF3ADE /* TileSkin.swift */; };
		4F0174B21F7E450100FF3ADE /* Skin.swift in Sources */ = {isa = PBXBuildFile; fileRef = 4F0174B11F7E450100FF3ADE /* Skin.swift */; };
		4F0C9ADD1F821441005F5195 /* SmoothAreaTileSkin.swift in Sources */ = {isa = PBXBuildFile; fileRef = 4F0C9ADC1F821441005F5195 /* SmoothAreaTileSkin.swift */; };
		4F0C9AE01F82168A005F5195 /* ChartData.swift in Sources */ = {isa = PBXBuildFile; fileRef = 4F0C9ADF1F82168A005F5195 /* ChartData.swift */; };
		4F0C9AE31F8218D0005F5195 /* EventBus.swift in Sources */ = {isa = PBXBuildFile; fileRef = 4F0C9AE21F8218D0005F5195 /* EventBus.swift */; };
		4F16E3671F7CF123005DAAE1 /* Tile.swift in Sources */ = {isa = PBXBuildFile; fileRef = 4F16E3661F7CF123005DAAE1 /* Tile.swift */; };
		4F16E3731F7D32DD005DAAE1 /* GaugeSkin.swift in Sources */ = {isa = PBXBuildFile; fileRef = 4F16E3721F7D32DD005DAAE1 /* GaugeSkin.swift */; };
		4F2E53DB1F79021C009FD3B7 /* AppDelegate.swift in Sources */ = {isa = PBXBuildFile; fileRef = 4F2E53DA1F79021C009FD3B7 /* AppDelegate.swift */; };
		4F2E53DD1F79021C009FD3B7 /* ViewController.swift in Sources */ = {isa = PBXBuildFile; fileRef = 4F2E53DC1F79021C009FD3B7 /* ViewController.swift */; };
		4F2E53E01F79021C009FD3B7 /* Main.storyboard in Resources */ = {isa = PBXBuildFile; fileRef = 4F2E53DE1F79021C009FD3B7 /* Main.storyboard */; };
		4F2E53E21F79021C009FD3B7 /* Assets.xcassets in Resources */ = {isa = PBXBuildFile; fileRef = 4F2E53E11F79021C009FD3B7 /* Assets.xcassets */; };
		4F2E53E51F79021C009FD3B7 /* LaunchScreen.storyboard in Resources */ = {isa = PBXBuildFile; fileRef = 4F2E53E31F79021C009FD3B7 /* LaunchScreen.storyboard */; };
		4F3C6F441F84DB6B00CFF317 /* TileEventListener.swift in Sources */ = {isa = PBXBuildFile; fileRef = 4F3C6F431F84DB6B00CFF317 /* TileEventListener.swift */; };
		4F3C6F461F84DBA200CFF317 /* TileEvent.swift in Sources */ = {isa = PBXBuildFile; fileRef = 4F3C6F451F84DBA200CFF317 /* TileEvent.swift */; };
		4F4D112A1F84E812004070B5 /* TileEventType.swift in Sources */ = {isa = PBXBuildFile; fileRef = 4F4D11291F84E812004070B5 /* TileEventType.swift */; };
		4F4D112C1F84F13A004070B5 /* ClockSkin.swift in Sources */ = {isa = PBXBuildFile; fileRef = 4F4D112B1F84F13A004070B5 /* ClockSkin.swift */; };
		4F4D112E1F8500ED004070B5 /* HighLowSkin.swift in Sources */ = {isa = PBXBuildFile; fileRef = 4F4D112D1F8500ED004070B5 /* HighLowSkin.swift */; };
		4F4D11301F8536CB004070B5 /* NumberSkin.swift in Sources */ = {isa = PBXBuildFile; fileRef = 4F4D112F1F8536CB004070B5 /* NumberSkin.swift */; };
		4F4D11321F853726004070B5 /* TextSkin.swift in Sources */ = {isa = PBXBuildFile; fileRef = 4F4D11311F853726004070B5 /* TextSkin.swift */; };
		4F4D11341F853994004070B5 /* Section.swift in Sources */ = {isa = PBXBuildFile; fileRef = 4F4D11331F853994004070B5 /* Section.swift */; };
		4F4D11361F853E16004070B5 /* SectionEvent.swift in Sources */ = {isa = PBXBuildFile; fileRef = 4F4D11351F853E16004070B5 /* SectionEvent.swift */; };
		4F4D11381F853E27004070B5 /* SectionEventListener.swift in Sources */ = {isa = PBXBuildFile; fileRef = 4F4D11371F853E27004070B5 /* SectionEventListener.swift */; };
		4F4D113A1F853E36004070B5 /* SectionEventType.swift in Sources */ = {isa = PBXBuildFile; fileRef = 4F4D11391F853E36004070B5 /* SectionEventType.swift */; };
		4F597BB91F80AABE00A251EF /* PercentageSkin.swift in Sources */ = {isa = PBXBuildFile; fileRef = 4F597BB81F80AABE00A251EF /* PercentageSkin.swift */; };
		4F6F73EF1F87CE2100960588 /* Date+EasyInitializer.swift in Sources */ = {isa = PBXBuildFile; fileRef = 4F6F73EE1F87CE2100960588 /* Date+EasyInitializer.swift */; };
		4F821CD81F793E5E00713915 /* Lato-Reg.ttf in Resources */ = {isa = PBXBuildFile; fileRef = 4F821CD61F793E5D00713915 /* Lato-Reg.ttf */; };
		4F821CD91F793E5E00713915 /* Lato-Bol.ttf in Resources */ = {isa = PBXBuildFile; fileRef = 4F821CD71F793E5D00713915 /* Lato-Bol.ttf */; };
		4F821CDB1F79569000713915 /* Helper.swift in Sources */ = {isa = PBXBuildFile; fileRef = 4F821CDA1F79569000713915 /* Helper.swift */; };
		4F98D1121F7F511200F1DA1D /* CircularProgressSkin.swift in Sources */ = {isa = PBXBuildFile; fileRef = 4F98D1111F7F511200F1DA1D /* CircularProgressSkin.swift */; };
		4F98D1151F7F68B200F1DA1D /* UIColor+BrighterDarker.swift in Sources */ = {isa = PBXBuildFile; fileRef = 4F98D1141F7F68B200F1DA1D /* UIColor+BrighterDarker.swift */; };
		4FA202491F87757200CF29B7 /* TimeSection.swift in Sources */ = {isa = PBXBuildFile; fileRef = 4FA202481F87757200CF29B7 /* TimeSection.swift */; };
		4FA2024B1F8775B100CF29B7 /* TimeSectionEvent.swift in Sources */ = {isa = PBXBuildFile; fileRef = 4FA2024A1F8775B100CF29B7 /* TimeSectionEvent.swift */; };
		4FA2024D1F8775C100CF29B7 /* TimeSectionEventListener.swift in Sources */ = {isa = PBXBuildFile; fileRef = 4FA2024C1F8775C100CF29B7 /* TimeSectionEventListener.swift */; };
		4FA2024F1F8775DE00CF29B7 /* TimeSectionEventType.swift in Sources */ = {isa = PBXBuildFile; fileRef = 4FA2024E1F8775DE00CF29B7 /* TimeSectionEventType.swift */; };
		4FA202511F879A1500CF29B7 /* TimerControlSkin.swift in Sources */ = {isa = PBXBuildFile; fileRef = 4FA202501F879A1500CF29B7 /* TimerControlSkin.swift */; };
		4FFCA4F11F7E150F00491D7D /* AnimLabel.swift in Sources */ = {isa = PBXBuildFile; fileRef = 4FFCA4F01F7E150F00491D7D /* AnimLabel.swift */; };
		4FFEC6091F7E4D6F009F92C8 /* MapSkin.swift in Sources */ = {isa = PBXBuildFile; fileRef = 4FFEC6081F7E4D6F009F92C8 /* MapSkin.swift */; };
		4FFEC60C1F7E4F5C009F92C8 /* Location.swift in Sources */ = {isa = PBXBuildFile; fileRef = 4FFEC60B1F7E4F5C009F92C8 /* Location.swift */; };
		4FFEC60F1F7E64ED009F92C8 /* MapKit.framework in Frameworks */ = {isa = PBXBuildFile; fileRef = 4FFEC60E1F7E64ED009F92C8 /* MapKit.framework */; };
/* End PBXBuildFile section */

/* Begin PBXFileReference section */
		4F0174AF1F7E41C600FF3ADE /* TileSkin.swift */ = {isa = PBXFileReference; lastKnownFileType = sourcecode.swift; path = TileSkin.swift; sourceTree = "<group>"; };
		4F0174B11F7E450100FF3ADE /* Skin.swift */ = {isa = PBXFileReference; lastKnownFileType = sourcecode.swift; path = Skin.swift; sourceTree = "<group>"; };
		4F0C9ADC1F821441005F5195 /* SmoothAreaTileSkin.swift */ = {isa = PBXFileReference; lastKnownFileType = sourcecode.swift; path = SmoothAreaTileSkin.swift; sourceTree = "<group>"; };
		4F0C9ADF1F82168A005F5195 /* ChartData.swift */ = {isa = PBXFileReference; lastKnownFileType = sourcecode.swift; path = ChartData.swift; sourceTree = "<group>"; };
		4F0C9AE21F8218D0005F5195 /* EventBus.swift */ = {isa = PBXFileReference; lastKnownFileType = sourcecode.swift; path = EventBus.swift; sourceTree = "<group>"; };
		4F16E3661F7CF123005DAAE1 /* Tile.swift */ = {isa = PBXFileReference; lastKnownFileType = sourcecode.swift; path = Tile.swift; sourceTree = "<group>"; };
		4F16E3721F7D32DD005DAAE1 /* GaugeSkin.swift */ = {isa = PBXFileReference; lastKnownFileType = sourcecode.swift; path = GaugeSkin.swift; sourceTree = "<group>"; };
		4F2E53D71F79021C009FD3B7 /* Tiles.app */ = {isa = PBXFileReference; explicitFileType = wrapper.application; includeInIndex = 0; path = Tiles.app; sourceTree = BUILT_PRODUCTS_DIR; };
		4F2E53DA1F79021C009FD3B7 /* AppDelegate.swift */ = {isa = PBXFileReference; lastKnownFileType = sourcecode.swift; path = AppDelegate.swift; sourceTree = "<group>"; };
		4F2E53DC1F79021C009FD3B7 /* ViewController.swift */ = {isa = PBXFileReference; lastKnownFileType = sourcecode.swift; path = ViewController.swift; sourceTree = "<group>"; };
		4F2E53DF1F79021C009FD3B7 /* Base */ = {isa = PBXFileReference; lastKnownFileType = file.storyboard; name = Base; path = Base.lproj/Main.storyboard; sourceTree = "<group>"; };
		4F2E53E11F79021C009FD3B7 /* Assets.xcassets */ = {isa = PBXFileReference; lastKnownFileType = folder.assetcatalog; path = Assets.xcassets; sourceTree = "<group>"; };
		4F2E53E41F79021C009FD3B7 /* Base */ = {isa = PBXFileReference; lastKnownFileType = file.storyboard; name = Base; path = Base.lproj/LaunchScreen.storyboard; sourceTree = "<group>"; };
		4F2E53E61F79021C009FD3B7 /* Info.plist */ = {isa = PBXFileReference; lastKnownFileType = text.plist.xml; path = Info.plist; sourceTree = "<group>"; };
		4F3C6F431F84DB6B00CFF317 /* TileEventListener.swift */ = {isa = PBXFileReference; lastKnownFileType = sourcecode.swift; path = TileEventListener.swift; sourceTree = "<group>"; };
		4F3C6F451F84DBA200CFF317 /* TileEvent.swift */ = {isa = PBXFileReference; lastKnownFileType = sourcecode.swift; path = TileEvent.swift; sourceTree = "<group>"; };
		4F4D11291F84E812004070B5 /* TileEventType.swift */ = {isa = PBXFileReference; lastKnownFileType = sourcecode.swift; path = TileEventType.swift; sourceTree = "<group>"; };
		4F4D112B1F84F13A004070B5 /* ClockSkin.swift */ = {isa = PBXFileReference; lastKnownFileType = sourcecode.swift; path = ClockSkin.swift; sourceTree = "<group>"; };
		4F4D112D1F8500ED004070B5 /* HighLowSkin.swift */ = {isa = PBXFileReference; lastKnownFileType = sourcecode.swift; path = HighLowSkin.swift; sourceTree = "<group>"; };
		4F4D112F1F8536CB004070B5 /* NumberSkin.swift */ = {isa = PBXFileReference; lastKnownFileType = sourcecode.swift; path = NumberSkin.swift; sourceTree = "<group>"; };
		4F4D11311F853726004070B5 /* TextSkin.swift */ = {isa = PBXFileReference; lastKnownFileType = sourcecode.swift; path = TextSkin.swift; sourceTree = "<group>"; };
		4F4D11331F853994004070B5 /* Section.swift */ = {isa = PBXFileReference; lastKnownFileType = sourcecode.swift; path = Section.swift; sourceTree = "<group>"; };
		4F4D11351F853E16004070B5 /* SectionEvent.swift */ = {isa = PBXFileReference; lastKnownFileType = sourcecode.swift; path = SectionEvent.swift; sourceTree = "<group>"; };
		4F4D11371F853E27004070B5 /* SectionEventListener.swift */ = {isa = PBXFileReference; lastKnownFileType = sourcecode.swift; path = SectionEventListener.swift; sourceTree = "<group>"; };
		4F4D11391F853E36004070B5 /* SectionEventType.swift */ = {isa = PBXFileReference; lastKnownFileType = sourcecode.swift; path = SectionEventType.swift; sourceTree = "<group>"; };
		4F597BB81F80AABE00A251EF /* PercentageSkin.swift */ = {isa = PBXFileReference; lastKnownFileType = sourcecode.swift; name = PercentageSkin.swift; path = Tiles/Skins/PercentageSkin.swift; sourceTree = SOURCE_ROOT; };
		4F6F73EE1F87CE2100960588 /* Date+EasyInitializer.swift */ = {isa = PBXFileReference; lastKnownFileType = sourcecode.swift; path = "Date+EasyInitializer.swift"; sourceTree = "<group>"; };
		4F821CD61F793E5D00713915 /* Lato-Reg.ttf */ = {isa = PBXFileReference; lastKnownFileType = file; name = "Lato-Reg.ttf"; path = "Tiles/Resources/Lato-Reg.ttf"; sourceTree = "<group>"; };
		4F821CD71F793E5D00713915 /* Lato-Bol.ttf */ = {isa = PBXFileReference; lastKnownFileType = file; name = "Lato-Bol.ttf"; path = "Tiles/Resources/Lato-Bol.ttf"; sourceTree = "<group>"; };
		4F821CDA1F79569000713915 /* Helper.swift */ = {isa = PBXFileReference; lastKnownFileType = sourcecode.swift; path = Helper.swift; sourceTree = "<group>"; };
		4F98D1111F7F511200F1DA1D /* CircularProgressSkin.swift */ = {isa = PBXFileReference; lastKnownFileType = sourcecode.swift; path = CircularProgressSkin.swift; sourceTree = "<group>"; };
		4F98D1141F7F68B200F1DA1D /* UIColor+BrighterDarker.swift */ = {isa = PBXFileReference; lastKnownFileType = sourcecode.swift; path = "UIColor+BrighterDarker.swift"; sourceTree = "<group>"; };
		4FA202481F87757200CF29B7 /* TimeSection.swift */ = {isa = PBXFileReference; lastKnownFileType = sourcecode.swift; path = TimeSection.swift; sourceTree = "<group>"; };
		4FA2024A1F8775B100CF29B7 /* TimeSectionEvent.swift */ = {isa = PBXFileReference; lastKnownFileType = sourcecode.swift; path = TimeSectionEvent.swift; sourceTree = "<group>"; };
		4FA2024C1F8775C100CF29B7 /* TimeSectionEventListener.swift */ = {isa = PBXFileReference; lastKnownFileType = sourcecode.swift; path = TimeSectionEventListener.swift; sourceTree = "<group>"; };
		4FA2024E1F8775DE00CF29B7 /* TimeSectionEventType.swift */ = {isa = PBXFileReference; lastKnownFileType = sourcecode.swift; path = TimeSectionEventType.swift; sourceTree = "<group>"; };
		4FA202501F879A1500CF29B7 /* TimerControlSkin.swift */ = {isa = PBXFileReference; lastKnownFileType = sourcecode.swift; path = TimerControlSkin.swift; sourceTree = "<group>"; };
		4FFCA4F01F7E150F00491D7D /* AnimLabel.swift */ = {isa = PBXFileReference; lastKnownFileType = sourcecode.swift; path = AnimLabel.swift; sourceTree = "<group>"; };
		4FFEC6081F7E4D6F009F92C8 /* MapSkin.swift */ = {isa = PBXFileReference; lastKnownFileType = sourcecode.swift; path = MapSkin.swift; sourceTree = "<group>"; };
		4FFEC60B1F7E4F5C009F92C8 /* Location.swift */ = {isa = PBXFileReference; lastKnownFileType = sourcecode.swift; path = Location.swift; sourceTree = "<group>"; };
		4FFEC60E1F7E64ED009F92C8 /* MapKit.framework */ = {isa = PBXFileReference; lastKnownFileType = wrapper.framework; name = MapKit.framework; path = System/Library/Frameworks/MapKit.framework; sourceTree = SDKROOT; };
/* End PBXFileReference section */

/* Begin PBXFrameworksBuildPhase section */
		4F2E53D41F79021C009FD3B7 /* Frameworks */ = {
			isa = PBXFrameworksBuildPhase;
			buildActionMask = 2147483647;
			files = (
				4FFEC60F1F7E64ED009F92C8 /* MapKit.framework in Frameworks */,
			);
			runOnlyForDeploymentPostprocessing = 0;
		};
/* End PBXFrameworksBuildPhase section */

/* Begin PBXGroup section */
		4F0C9ADE1F82167C005F5195 /* Chart */ = {
			isa = PBXGroup;
			children = (
				4F0C9ADF1F82168A005F5195 /* ChartData.swift */,
			);
			path = Chart;
			sourceTree = "<group>";
		};
		4F0C9AE11F8218BE005F5195 /* Events */ = {
			isa = PBXGroup;
			children = (
				4F0C9AE21F8218D0005F5195 /* EventBus.swift */,
				4F3C6F431F84DB6B00CFF317 /* TileEventListener.swift */,
				4F3C6F451F84DBA200CFF317 /* TileEvent.swift */,
				4F4D11291F84E812004070B5 /* TileEventType.swift */,
				4F4D11351F853E16004070B5 /* SectionEvent.swift */,
				4F4D11371F853E27004070B5 /* SectionEventListener.swift */,
				4F4D11391F853E36004070B5 /* SectionEventType.swift */,
				4FA2024A1F8775B100CF29B7 /* TimeSectionEvent.swift */,
				4FA2024C1F8775C100CF29B7 /* TimeSectionEventListener.swift */,
				4FA2024E1F8775DE00CF29B7 /* TimeSectionEventType.swift */,
			);
			path = Events;
			sourceTree = "<group>";
		};
		4F2E53CE1F79021C009FD3B7 = {
			isa = PBXGroup;
			children = (
				4F821CD71F793E5D00713915 /* Lato-Bol.ttf */,
				4F821CD61F793E5D00713915 /* Lato-Reg.ttf */,
				4F2E53D91F79021C009FD3B7 /* Tiles */,
				4F2E53D81F79021C009FD3B7 /* Products */,
				4FFEC60D1F7E64ED009F92C8 /* Frameworks */,
			);
			sourceTree = "<group>";
		};
		4F2E53D81F79021C009FD3B7 /* Products */ = {
			isa = PBXGroup;
			children = (
				4F2E53D71F79021C009FD3B7 /* Tiles.app */,
			);
			name = Products;
			sourceTree = "<group>";
		};
		4F2E53D91F79021C009FD3B7 /* Tiles */ = {
			isa = PBXGroup;
			children = (
				4F618AD81F860C3100C7395B /* Skins */,
				4F0C9AE11F8218BE005F5195 /* Events */,
				4F0C9ADE1F82167C005F5195 /* Chart */,
				4F98D1131F7F688F00F1DA1D /* Extensions */,
				4FFEC60A1F7E4F3E009F92C8 /* Tools */,
				4F2E53DA1F79021C009FD3B7 /* AppDelegate.swift */,
				4F2E53DC1F79021C009FD3B7 /* ViewController.swift */,
				4F2E53DE1F79021C009FD3B7 /* Main.storyboard */,
				4F2E53E11F79021C009FD3B7 /* Assets.xcassets */,
				4F2E53E31F79021C009FD3B7 /* LaunchScreen.storyboard */,
				4F2E53E61F79021C009FD3B7 /* Info.plist */,
				4FFCA4F01F7E150F00491D7D /* AnimLabel.swift */,
				4F16E3661F7CF123005DAAE1 /* Tile.swift */,
				4F0174B11F7E450100FF3ADE /* Skin.swift */,
				4F4D11331F853994004070B5 /* Section.swift */,
				4FA202481F87757200CF29B7 /* TimeSection.swift */,
			);
			path = Tiles;
			sourceTree = "<group>";
		};
		4F618AD81F860C3100C7395B /* Skins */ = {
			isa = PBXGroup;
			children = (
				4F0174AF1F7E41C600FF3ADE /* TileSkin.swift */,
				4F16E3721F7D32DD005DAAE1 /* GaugeSkin.swift */,
				4FFEC6081F7E4D6F009F92C8 /* MapSkin.swift */,
				4F98D1111F7F511200F1DA1D /* CircularProgressSkin.swift */,
				4F597BB81F80AABE00A251EF /* PercentageSkin.swift */,
				4F0C9ADC1F821441005F5195 /* SmoothAreaTileSkin.swift */,
				4F4D112B1F84F13A004070B5 /* ClockSkin.swift */,
				4F4D112D1F8500ED004070B5 /* HighLowSkin.swift */,
				4F4D112F1F8536CB004070B5 /* NumberSkin.swift */,
				4F4D11311F853726004070B5 /* TextSkin.swift */,
				4FA202501F879A1500CF29B7 /* TimerControlSkin.swift */,
			);
			path = Skins;
			sourceTree = "<group>";
		};
		4F98D1131F7F688F00F1DA1D /* Extensions */ = {
			isa = PBXGroup;
			children = (
				4F98D1141F7F68B200F1DA1D /* UIColor+BrighterDarker.swift */,
				4F6F73EE1F87CE2100960588 /* Date+EasyInitializer.swift */,
			);
			path = Extensions;
			sourceTree = "<group>";
		};
		4FFEC60A1F7E4F3E009F92C8 /* Tools */ = {
			isa = PBXGroup;
			children = (
				4F821CDA1F79569000713915 /* Helper.swift */,
				4FFEC60B1F7E4F5C009F92C8 /* Location.swift */,
			);
			path = Tools;
			sourceTree = "<group>";
		};
		4FFEC60D1F7E64ED009F92C8 /* Frameworks */ = {
			isa = PBXGroup;
			children = (
				4FFEC60E1F7E64ED009F92C8 /* MapKit.framework */,
			);
			name = Frameworks;
			sourceTree = "<group>";
		};
/* End PBXGroup section */

/* Begin PBXNativeTarget section */
		4F2E53D61F79021C009FD3B7 /* Tiles */ = {
			isa = PBXNativeTarget;
			buildConfigurationList = 4F2E53E91F79021C009FD3B7 /* Build configuration list for PBXNativeTarget "Tiles" */;
			buildPhases = (
				4F2E53D31F79021C009FD3B7 /* Sources */,
				4F2E53D41F79021C009FD3B7 /* Frameworks */,
				4F2E53D51F79021C009FD3B7 /* Resources */,
			);
			buildRules = (
			);
			dependencies = (
			);
			name = Tiles;
			productName = Tiles;
			productReference = 4F2E53D71F79021C009FD3B7 /* Tiles.app */;
			productType = "com.apple.product-type.application";
		};
/* End PBXNativeTarget section */

/* Begin PBXProject section */
		4F2E53CF1F79021C009FD3B7 /* Project object */ = {
			isa = PBXProject;
			attributes = {
				LastSwiftUpdateCheck = 0900;
				LastUpgradeCheck = 0900;
				ORGANIZATIONNAME = "Gerrit Grunwald";
				TargetAttributes = {
					4F2E53D61F79021C009FD3B7 = {
						CreatedOnToolsVersion = 9.0;
						ProvisioningStyle = Automatic;
						SystemCapabilities = {
							com.apple.Maps.iOS = {
								enabled = 1;
							};
						};
					};
				};
			};
			buildConfigurationList = 4F2E53D21F79021C009FD3B7 /* Build configuration list for PBXProject "Tiles" */;
			compatibilityVersion = "Xcode 8.0";
			developmentRegion = en;
			hasScannedForEncodings = 0;
			knownRegions = (
				en,
				Base,
			);
			mainGroup = 4F2E53CE1F79021C009FD3B7;
			productRefGroup = 4F2E53D81F79021C009FD3B7 /* Products */;
			projectDirPath = "";
			projectRoot = "";
			targets = (
				4F2E53D61F79021C009FD3B7 /* Tiles */,
			);
		};
/* End PBXProject section */

/* Begin PBXResourcesBuildPhase section */
		4F2E53D51F79021C009FD3B7 /* Resources */ = {
			isa = PBXResourcesBuildPhase;
			buildActionMask = 2147483647;
			files = (
				4F821CD81F793E5E00713915 /* Lato-Reg.ttf in Resources */,
				4F821CD91F793E5E00713915 /* Lato-Bol.ttf in Resources */,
				4F2E53E51F79021C009FD3B7 /* LaunchScreen.storyboard in Resources */,
				4F2E53E21F79021C009FD3B7 /* Assets.xcassets in Resources */,
				4F2E53E01F79021C009FD3B7 /* Main.storyboard in Resources */,
			);
			runOnlyForDeploymentPostprocessing = 0;
		};
/* End PBXResourcesBuildPhase section */

/* Begin PBXSourcesBuildPhase section */
		4F2E53D31F79021C009FD3B7 /* Sources */ = {
			isa = PBXSourcesBuildPhase;
			buildActionMask = 2147483647;
			files = (
				4F597BB91F80AABE00A251EF /* PercentageSkin.swift in Sources */,
				4F0C9AE01F82168A005F5195 /* ChartData.swift in Sources */,
				4F16E3731F7D32DD005DAAE1 /* GaugeSkin.swift in Sources */,
				4F4D11301F8536CB004070B5 /* NumberSkin.swift in Sources */,
				4FA202491F87757200CF29B7 /* TimeSection.swift in Sources */,
				4FA2024F1F8775DE00CF29B7 /* TimeSectionEventType.swift in Sources */,
				4F2E53DD1F79021C009FD3B7 /* ViewController.swift in Sources */,
				4FFEC60C1F7E4F5C009F92C8 /* Location.swift in Sources */,
				4FA202511F879A1500CF29B7 /* TimerControlSkin.swift in Sources */,
				4F3C6F441F84DB6B00CFF317 /* TileEventListener.swift in Sources */,
				4F3C6F461F84DBA200CFF317 /* TileEvent.swift in Sources */,
				4F4D11381F853E27004070B5 /* SectionEventListener.swift in Sources */,
				4F4D112A1F84E812004070B5 /* TileEventType.swift in Sources */,
				4F6F73EF1F87CE2100960588 /* Date+EasyInitializer.swift in Sources */,
				4FA2024D1F8775C100CF29B7 /* TimeSectionEventListener.swift in Sources */,
				4F0C9AE31F8218D0005F5195 /* EventBus.swift in Sources */,
				4F4D11361F853E16004070B5 /* SectionEvent.swift in Sources */,
				4F98D1151F7F68B200F1DA1D /* UIColor+BrighterDarker.swift in Sources */,
				4F98D1121F7F511200F1DA1D /* CircularProgressSkin.swift in Sources */,
				4F4D112C1F84F13A004070B5 /* ClockSkin.swift in Sources */,
				4F0174B01F7E41C600FF3ADE /* TileSkin.swift in Sources */,
				4F16E3671F7CF123005DAAE1 /* Tile.swift in Sources */,
				4F4D113A1F853E36004070B5 /* SectionEventType.swift in Sources */,
				4FA2024B1F8775B100CF29B7 /* TimeSectionEvent.swift in Sources */,
				4F4D11321F853726004070B5 /* TextSkin.swift in Sources */,
				4F0C9ADD1F821441005F5195 /* SmoothAreaTileSkin.swift in Sources */,
				4F0174B21F7E450100FF3ADE /* Skin.swift in Sources */,
				4FFEC6091F7E4D6F009F92C8 /* MapSkin.swift in Sources */,
				4F2E53DB1F79021C009FD3B7 /* AppDelegate.swift in Sources */,
				4FFCA4F11F7E150F00491D7D /* AnimLabel.swift in Sources */,
				4F4D11341F853994004070B5 /* Section.swift in Sources */,
				4F821CDB1F79569000713915 /* Helper.swift in Sources */,
				4F4D112E1F8500ED004070B5 /* HighLowSkin.swift in Sources */,
			);
			runOnlyForDeploymentPostprocessing = 0;
		};
/* End PBXSourcesBuildPhase section */

/* Begin PBXVariantGroup section */
		4F2E53DE1F79021C009FD3B7 /* Main.storyboard */ = {
			isa = PBXVariantGroup;
			children = (
				4F2E53DF1F79021C009FD3B7 /* Base */,
			);
			name = Main.storyboard;
			sourceTree = "<group>";
		};
		4F2E53E31F79021C009FD3B7 /* LaunchScreen.storyboard */ = {
			isa = PBXVariantGroup;
			children = (
				4F2E53E41F79021C009FD3B7 /* Base */,
			);
			name = LaunchScreen.storyboard;
			sourceTree = "<group>";
		};
/* End PBXVariantGroup section */

/* Begin XCBuildConfiguration section */
		4F2E53E71F79021C009FD3B7 /* Debug */ = {
			isa = XCBuildConfiguration;
			buildSettings = {
				ALWAYS_SEARCH_USER_PATHS = NO;
				CLANG_ANALYZER_NONNULL = YES;
				CLANG_ANALYZER_NUMBER_OBJECT_CONVERSION = YES_AGGRESSIVE;
				CLANG_CXX_LANGUAGE_STANDARD = "gnu++14";
				CLANG_CXX_LIBRARY = "libc++";
				CLANG_ENABLE_MODULES = YES;
				CLANG_ENABLE_OBJC_ARC = YES;
				CLANG_WARN_BLOCK_CAPTURE_AUTORELEASING = YES;
				CLANG_WARN_BOOL_CONVERSION = YES;
				CLANG_WARN_COMMA = YES;
				CLANG_WARN_CONSTANT_CONVERSION = YES;
				CLANG_WARN_DIRECT_OBJC_ISA_USAGE = YES_ERROR;
				CLANG_WARN_DOCUMENTATION_COMMENTS = YES;
				CLANG_WARN_EMPTY_BODY = YES;
				CLANG_WARN_ENUM_CONVERSION = YES;
				CLANG_WARN_INFINITE_RECURSION = YES;
				CLANG_WARN_INT_CONVERSION = YES;
				CLANG_WARN_NON_LITERAL_NULL_CONVERSION = YES;
				CLANG_WARN_OBJC_LITERAL_CONVERSION = YES;
				CLANG_WARN_OBJC_ROOT_CLASS = YES_ERROR;
				CLANG_WARN_RANGE_LOOP_ANALYSIS = YES;
				CLANG_WARN_STRICT_PROTOTYPES = YES;
				CLANG_WARN_SUSPICIOUS_MOVE = YES;
				CLANG_WARN_UNGUARDED_AVAILABILITY = YES_AGGRESSIVE;
				CLANG_WARN_UNREACHABLE_CODE = YES;
				CLANG_WARN__DUPLICATE_METHOD_MATCH = YES;
				CODE_SIGN_IDENTITY = "iPhone Developer";
				COPY_PHASE_STRIP = NO;
				DEBUG_INFORMATION_FORMAT = dwarf;
				ENABLE_STRICT_OBJC_MSGSEND = YES;
				ENABLE_TESTABILITY = YES;
				GCC_C_LANGUAGE_STANDARD = gnu11;
				GCC_DYNAMIC_NO_PIC = NO;
				GCC_NO_COMMON_BLOCKS = YES;
				GCC_OPTIMIZATION_LEVEL = 0;
				GCC_PREPROCESSOR_DEFINITIONS = (
					"DEBUG=1",
					"$(inherited)",
				);
				GCC_WARN_64_TO_32_BIT_CONVERSION = YES;
				GCC_WARN_ABOUT_RETURN_TYPE = YES_ERROR;
				GCC_WARN_UNDECLARED_SELECTOR = YES;
				GCC_WARN_UNINITIALIZED_AUTOS = YES_AGGRESSIVE;
				GCC_WARN_UNUSED_FUNCTION = YES;
				GCC_WARN_UNUSED_VARIABLE = YES;
				IPHONEOS_DEPLOYMENT_TARGET = 11.0;
				MTL_ENABLE_DEBUG_INFO = YES;
				ONLY_ACTIVE_ARCH = YES;
				SDKROOT = iphoneos;
				SWIFT_ACTIVE_COMPILATION_CONDITIONS = DEBUG;
				SWIFT_OPTIMIZATION_LEVEL = "-Onone";
			};
			name = Debug;
		};
		4F2E53E81F79021C009FD3B7 /* Release */ = {
			isa = XCBuildConfiguration;
			buildSettings = {
				ALWAYS_SEARCH_USER_PATHS = NO;
				CLANG_ANALYZER_NONNULL = YES;
				CLANG_ANALYZER_NUMBER_OBJECT_CONVERSION = YES_AGGRESSIVE;
				CLANG_CXX_LANGUAGE_STANDARD = "gnu++14";
				CLANG_CXX_LIBRARY = "libc++";
				CLANG_ENABLE_MODULES = YES;
				CLANG_ENABLE_OBJC_ARC = YES;
				CLANG_WARN_BLOCK_CAPTURE_AUTORELEASING = YES;
				CLANG_WARN_BOOL_CONVERSION = YES;
				CLANG_WARN_COMMA = YES;
				CLANG_WARN_CONSTANT_CONVERSION = YES;
				CLANG_WARN_DIRECT_OBJC_ISA_USAGE = YES_ERROR;
				CLANG_WARN_DOCUMENTATION_COMMENTS = YES;
				CLANG_WARN_EMPTY_BODY = YES;
				CLANG_WARN_ENUM_CONVERSION = YES;
				CLANG_WARN_INFINITE_RECURSION = YES;
				CLANG_WARN_INT_CONVERSION = YES;
				CLANG_WARN_NON_LITERAL_NULL_CONVERSION = YES;
				CLANG_WARN_OBJC_LITERAL_CONVERSION = YES;
				CLANG_WARN_OBJC_ROOT_CLASS = YES_ERROR;
				CLANG_WARN_RANGE_LOOP_ANALYSIS = YES;
				CLANG_WARN_STRICT_PROTOTYPES = YES;
				CLANG_WARN_SUSPICIOUS_MOVE = YES;
				CLANG_WARN_UNGUARDED_AVAILABILITY = YES_AGGRESSIVE;
				CLANG_WARN_UNREACHABLE_CODE = YES;
				CLANG_WARN__DUPLICATE_METHOD_MATCH = YES;
				CODE_SIGN_IDENTITY = "iPhone Developer";
				COPY_PHASE_STRIP = NO;
				DEBUG_INFORMATION_FORMAT = "dwarf-with-dsym";
				ENABLE_NS_ASSERTIONS = NO;
				ENABLE_STRICT_OBJC_MSGSEND = YES;
				GCC_C_LANGUAGE_STANDARD = gnu11;
				GCC_NO_COMMON_BLOCKS = YES;
				GCC_WARN_64_TO_32_BIT_CONVERSION = YES;
				GCC_WARN_ABOUT_RETURN_TYPE = YES_ERROR;
				GCC_WARN_UNDECLARED_SELECTOR = YES;
				GCC_WARN_UNINITIALIZED_AUTOS = YES_AGGRESSIVE;
				GCC_WARN_UNUSED_FUNCTION = YES;
				GCC_WARN_UNUSED_VARIABLE = YES;
				IPHONEOS_DEPLOYMENT_TARGET = 11.0;
				MTL_ENABLE_DEBUG_INFO = NO;
				SDKROOT = iphoneos;
				SWIFT_OPTIMIZATION_LEVEL = "-Owholemodule";
				VALIDATE_PRODUCT = YES;
			};
			name = Release;
		};
		4F2E53EA1F79021C009FD3B7 /* Debug */ = {
			isa = XCBuildConfiguration;
			buildSettings = {
				ASSETCATALOG_COMPILER_APPICON_NAME = AppIcon;
				CODE_SIGN_STYLE = Automatic;
				DEVELOPMENT_TEAM = L4A7549EHC;
				INFOPLIST_FILE = Tiles/Info.plist;
				LD_RUNPATH_SEARCH_PATHS = "$(inherited) @executable_path/Frameworks";
				PRODUCT_BUNDLE_IDENTIFIER = eu.hansolo.Tiles;
				PRODUCT_NAME = "$(TARGET_NAME)";
				SWIFT_VERSION = 4.0;
				TARGETED_DEVICE_FAMILY = "1,2";
			};
			name = Debug;
		};
		4F2E53EB1F79021C009FD3B7 /* Release */ = {
			isa = XCBuildConfiguration;
			buildSettings = {
				ASSETCATALOG_COMPILER_APPICON_NAME = AppIcon;
				CODE_SIGN_STYLE = Automatic;
				DEVELOPMENT_TEAM = L4A7549EHC;
				INFOPLIST_FILE = Tiles/Info.plist;
				LD_RUNPATH_SEARCH_PATHS = "$(inherited) @executable_path/Frameworks";
				PRODUCT_BUNDLE_IDENTIFIER = eu.hansolo.Tiles;
				PRODUCT_NAME = "$(TARGET_NAME)";
				SWIFT_VERSION = 4.0;
				TARGETED_DEVICE_FAMILY = "1,2";
			};
			name = Release;
		};
/* End XCBuildConfiguration section */

/* Begin XCConfigurationList section */
		4F2E53D21F79021C009FD3B7 /* Build configuration list for PBXProject "Tiles" */ = {
			isa = XCConfigurationList;
			buildConfigurations = (
				4F2E53E71F79021C009FD3B7 /* Debug */,
				4F2E53E81F79021C009FD3B7 /* Release */,
			);
			defaultConfigurationIsVisible = 0;
			defaultConfigurationName = Release;
		};
		4F2E53E91F79021C009FD3B7 /* Build configuration list for PBXNativeTarget "Tiles" */ = {
			isa = XCConfigurationList;
			buildConfigurations = (
				4F2E53EA1F79021C009FD3B7 /* Debug */,
				4F2E53EB1F79021C009FD3B7 /* Release */,
			);
			defaultConfigurationIsVisible = 0;
			defaultConfigurationName = Release;
		};
/* End XCConfigurationList section */
	};
	rootObject = 4F2E53CF1F79021C009FD3B7 /* Project object */;
}
